<?xml version="1.0" encoding="utf-8"?>
<Project ToolsVersion="4.0" xmlns="http://schemas.microsoft.com/developer/msbuild/2003">
  <ItemGroup>
    <ClCompile Include="shaders.cpp">
      <Filter>Source Files</Filter>
    </ClCompile>
    <ClCompile Include="Main_fluid.cpp">
      <Filter>Source Files</Filter>
    </ClCompile>
    <ClCompile Include="FluidSystem.cpp">
      <Filter>Source Files</Filter>
    </ClCompile>
    <ClCompile Include="render.cpp">
      <Filter>Source Files</Filter>
    </ClCompile>
    <ClCompile Include="GlutLoop.cpp">
      <Filter>Source Files</Filter>
    </ClCompile>
    <ClCompile Include="GLSLProgram.cpp">
      <Filter>Source Files</Filter>
    </ClCompile>
    <ClCompile Include="framebufferObject.cpp">
      <Filter>Source Files</Filter>
    </ClCompile>
  </ItemGroup>
  <ItemGroup>
    <ClInclude Include="shaders.h">
      <Filter>Header Files</Filter>
    </ClInclude>
    <ClInclude Include="FluidSystem.h">
      <Filter>Header Files</Filter>
    </ClInclude>
    <ClInclude Include="render.h">
      <Filter>Header Files</Filter>
    </ClInclude>
    <ClInclude Include="GLSLProgram.h">
      <Filter>Header Files</Filter>
    </ClInclude>
    <ClInclude Include="nvMath.h">
      <Filter>Header Files</Filter>
    </ClInclude>
    <ClInclude Include="nvMatrix.h">
      <Filter>Header Files</Filter>
    </ClInclude>
    <ClInclude Include="framebufferObject.h">
      <Filter>Header Files</Filter>
    </ClInclude>
    <ClInclude Include="GpuArray.h">
      <Filter>Header Files</Filter>
    </ClInclude>
  </ItemGroup>
  <ItemGroup>
    <None Include="Kernel.cuh">
      <Filter>Header Files</Filter>
    </None>
    <None Include="Kernel_implement.cuh">
      <Filter>Header Files</Filter>
    </None>
    <None Include="FluidSystem.cuh">
      <Filter>Header Files</Filter>
    </None>
  </ItemGroup>
  <ItemGroup>
    <Filter Include="Header Files">
      <UniqueIdentifier>{c9193dce-6344-4899-a886-d8e96bcad881}</UniqueIdentifier>
    </Filter>
    <Filter Include="Source Files">
      <UniqueIdentifier>{6271b484-d85e-412e-973a-f855d1d998f9}</UniqueIdentifier>
    </Filter>
    <Filter Include="Helper">
      <UniqueIdentifier>{47e6fab6-624d-4655-bf46-41cdb5405227}</UniqueIdentifier>
    </Filter>
  </ItemGroup>
  <ItemGroup>
    <CudaCompile Include="FluidSystemCUDA.cu">
      <Filter>Source Files</Filter>
    </CudaCompile>
  </ItemGroup>
</Project>